
Microsoft Visual Studio Solution File, Format Version 11.00
# Visual Studio 2010
Project("{FAE04EC0-301F-11D3-BF4B-00C04F79EFBC}") = "UnityEngine.UI", "UnityEngine.UI.csproj", "{7ff4afc8-020e-d30c-7715-736b96c00328}"
EndProject
Project("{FAE04EC0-301F-11D3-BF4B-00C04F79EFBC}") = "Unity.RenderPipelines.Core.Runtime", "Unity.RenderPipelines.Core.Runtime.csproj", "{793a5cbb-6273-dbf0-dc53-71b0f0772028}"
EndProject
Project("{FAE04EC0-301F-11D3-BF4B-00C04F79EFBC}") = "UnityEngine.TestRunner", "UnityEngine.TestRunner.csproj", "{63b2a0e3-5fe1-31d0-8125-94d239a9d13b}"
EndProject
Project("{FAE04EC0-301F-11D3-BF4B-00C04F79EFBC}") = "Unity.Mathematics", "Unity.Mathematics.csproj", "{b19c4109-7586-7092-6047-91a9e080f58e}"
EndProject
Project("{FAE04EC0-301F-11D3-BF4B-00C04F79EFBC}") = "Unity.Timeline", "Unity.Timeline.csproj", "{f3a22f05-6dfa-0f49-9fa0-4a4204f56329}"
EndProject
Project("{FAE04EC0-301F-11D3-BF4B-00C04F79EFBC}") = "Unity.RenderPipelines.Universal.Runtime", "Unity.RenderPipelines.Universal.Runtime.csproj", "{1dea82e8-db95-1a1b-c73e-c8f8125e8381}"
EndProject
Project("{FAE04EC0-301F-11D3-BF4B-00C04F79EFBC}") = "Assembly-CSharp", "Assembly-CSharp.csproj", "{a6f7901d-88d5-bf54-b79c-a05596caedf3}"
EndProject
Project("{FAE04EC0-301F-11D3-BF4B-00C04F79EFBC}") = "Unity.TextMeshPro", "Unity.TextMeshPro.csproj", "{588ed585-87f8-ac15-fc80-54e6947d085d}"
EndProject
Project("{FAE04EC0-301F-11D3-BF4B-00C04F79EFBC}") = "Unity.Postprocessing.Runtime", "Unity.Postprocessing.Runtime.csproj", "{ded54bdb-f2b5-9ee7-f393-fb1bb6853e9d}"
EndProject
Project("{FAE04EC0-301F-11D3-BF4B-00C04F79EFBC}") = "Assembly-CSharp-firstpass", "Assembly-CSharp-firstpass.csproj", "{f41b73ff-fa48-69e3-f5e5-7ea460cb28b0}"
EndProject
Project("{FAE04EC0-301F-11D3-BF4B-00C04F79EFBC}") = "Unity.RenderPipelines.Core.ShaderLibrary", "Unity.RenderPipelines.Core.ShaderLibrary.csproj", "{9f1e8c02-09f7-aa93-30f9-f262cb16d873}"
EndProject
Project("{FAE04EC0-301F-11D3-BF4B-00C04F79EFBC}") = "Unity.RenderPipelines.Universal.Shaders", "Unity.RenderPipelines.Universal.Shaders.csproj", "{bcf6ab24-e180-5f65-c455-7bdf610e2131}"
EndProject
Project("{FAE04EC0-301F-11D3-BF4B-00C04F79EFBC}") = "Unity.RenderPipelines.ShaderGraph.ShaderGraphLibrary", "Unity.RenderPipelines.ShaderGraph.ShaderGraphLibrary.csproj", "{49e20492-bf1d-08de-8878-eef2a9aef432}"
EndProject
Project("{FAE04EC0-301F-11D3-BF4B-00C04F79EFBC}") = "Unity.RenderPipeline.Universal.ShaderLibrary", "Unity.RenderPipeline.Universal.ShaderLibrary.csproj", "{9f0dc086-7e25-075d-b240-69b18562c764}"
EndProject
Project("{FAE04EC0-301F-11D3-BF4B-00C04F79EFBC}") = "UnityEditor.TestRunner", "UnityEditor.TestRunner.csproj", "{e05ed029-80bd-4af7-2997-ceb3ff765fb5}"
EndProject
Project("{FAE04EC0-301F-11D3-BF4B-00C04F79EFBC}") = "Unity.ShaderGraph.Editor", "Unity.ShaderGraph.Editor.csproj", "{ec65dc74-fd82-38c4-d251-02850e605c7c}"
EndProject
Project("{FAE04EC0-301F-11D3-BF4B-00C04F79EFBC}") = "UnityEditor.UI", "UnityEditor.UI.csproj", "{80df0150-855b-12bc-230c-a392b571bca1}"
EndProject
Project("{FAE04EC0-301F-11D3-BF4B-00C04F79EFBC}") = "Unity.VisualStudio.Editor", "Unity.VisualStudio.Editor.csproj", "{68a71ae8-f89a-fc4b-2345-5a99a1899804}"
EndProject
Project("{FAE04EC0-301F-11D3-BF4B-00C04F79EFBC}") = "Unity.Timeline.Editor", "Unity.Timeline.Editor.csproj", "{4643a0f8-32f8-a16a-b66d-fb6271aacada}"
EndProject
Project("{FAE04EC0-301F-11D3-BF4B-00C04F79EFBC}") = "Unity.TextMeshPro.Editor", "Unity.TextMeshPro.Editor.csproj", "{0d18cb95-f0a4-3782-6563-2c409bf2fe67}"
EndProject
Project("{FAE04EC0-301F-11D3-BF4B-00C04F79EFBC}") = "Unity.RenderPipelines.Core.Editor", "Unity.RenderPipelines.Core.Editor.csproj", "{cbcb7c5c-81e2-7be9-a972-9baf9aad1a25}"
EndProject
Project("{FAE04EC0-301F-11D3-BF4B-00C04F79EFBC}") = "Unity.CollabProxy.Editor", "Unity.CollabProxy.Editor.csproj", "{546a8cf4-f2de-609c-b5c2-b29e11e9cce5}"
EndProject
Project("{FAE04EC0-301F-11D3-BF4B-00C04F79EFBC}") = "Unity.Postprocessing.Editor", "Unity.Postprocessing.Editor.csproj", "{d2db9a06-c24d-684a-9a5c-98493efb031f}"
EndProject
Project("{FAE04EC0-301F-11D3-BF4B-00C04F79EFBC}") = "Unity.ShaderGraph.Utilities", "Unity.ShaderGraph.Utilities.csproj", "{5f27fe41-b073-332a-3367-a66a5a4c429a}"
EndProject
Project("{FAE04EC0-301F-11D3-BF4B-00C04F79EFBC}") = "Unity.RenderPipelines.Universal.Editor", "Unity.RenderPipelines.Universal.Editor.csproj", "{d1fed587-ca8c-d77b-a0e3-be11b1e84e43}"
EndProject
Project("{FAE04EC0-301F-11D3-BF4B-00C04F79EFBC}") = "Unity.Rider.Editor", "Unity.Rider.Editor.csproj", "{bd1493aa-6cbe-8682-97cb-2c8e64a8a645}"
EndProject
Project("{FAE04EC0-301F-11D3-BF4B-00C04F79EFBC}") = "Unity.Searcher.Editor", "Unity.Searcher.Editor.csproj", "{902635ad-586d-c510-cd1c-877a707ca887}"
EndProject
Project("{FAE04EC0-301F-11D3-BF4B-00C04F79EFBC}") = "Assembly-CSharp-Editor", "Assembly-CSharp-Editor.csproj", "{04796f99-fa23-eeb4-79cf-2af7ab0fecb6}"
EndProject
Project("{FAE04EC0-301F-11D3-BF4B-00C04F79EFBC}") = "Unity.SysrootPackage.Editor", "Unity.SysrootPackage.Editor.csproj", "{8385a452-51a4-8232-17af-fb381663a0ac}"
EndProject
Project("{FAE04EC0-301F-11D3-BF4B-00C04F79EFBC}") = "Unity.VSCode.Editor", "Unity.VSCode.Editor.csproj", "{c2b6f92b-8397-f9ea-407e-51d3681eb748}"
EndProject
Project("{FAE04EC0-301F-11D3-BF4B-00C04F79EFBC}") = "Unity.Mathematics.Editor", "Unity.Mathematics.Editor.csproj", "{37b44097-2469-dba6-0b3c-b4be13e1d8b9}"
EndProject
Project("{FAE04EC0-301F-11D3-BF4B-00C04F79EFBC}") = "Assembly-CSharp-Editor-firstpass", "Assembly-CSharp-Editor-firstpass.csproj", "{0de48e21-8856-e776-dfcc-274d4f0e0dd7}"
EndProject
Project("{FAE04EC0-301F-11D3-BF4B-00C04F79EFBC}") = "Unity.Sysroot.Linux_x86_64", "Unity.Sysroot.Linux_x86_64.csproj", "{61db0dd1-505d-f996-a131-7c9f50c2005e}"
EndProject
Project("{FAE04EC0-301F-11D3-BF4B-00C04F79EFBC}") = "Unity.Toolchain.Linux-x86_64", "Unity.Toolchain.Linux-x86_64.csproj", "{a56e9840-475b-0b28-869d-682e9ee57933}"
EndProject
Global
	GlobalSection(SolutionConfigurationPlatforms) = preSolution
		Debug|Any CPU = Debug|Any CPU
	EndGlobalSection
	GlobalSection(ProjectConfigurationPlatforms) = postSolution
		{7ff4afc8-020e-d30c-7715-736b96c00328}.Debug|Any CPU.ActiveCfg = Debug|Any CPU
		{7ff4afc8-020e-d30c-7715-736b96c00328}.Debug|Any CPU.Build.0 = Debug|Any CPU
		{793a5cbb-6273-dbf0-dc53-71b0f0772028}.Debug|Any CPU.ActiveCfg = Debug|Any CPU
		{793a5cbb-6273-dbf0-dc53-71b0f0772028}.Debug|Any CPU.Build.0 = Debug|Any CPU
		{63b2a0e3-5fe1-31d0-8125-94d239a9d13b}.Debug|Any CPU.ActiveCfg = Debug|Any CPU
		{63b2a0e3-5fe1-31d0-8125-94d239a9d13b}.Debug|Any CPU.Build.0 = Debug|Any CPU
		{b19c4109-7586-7092-6047-91a9e080f58e}.Debug|Any CPU.ActiveCfg = Debug|Any CPU
		{b19c4109-7586-7092-6047-91a9e080f58e}.Debug|Any CPU.Build.0 = Debug|Any CPU
		{f3a22f05-6dfa-0f49-9fa0-4a4204f56329}.Debug|Any CPU.ActiveCfg = Debug|Any CPU
		{f3a22f05-6dfa-0f49-9fa0-4a4204f56329}.Debug|Any CPU.Build.0 = Debug|Any CPU
		{1dea82e8-db95-1a1b-c73e-c8f8125e8381}.Debug|Any CPU.ActiveCfg = Debug|Any CPU
		{1dea82e8-db95-1a1b-c73e-c8f8125e8381}.Debug|Any CPU.Build.0 = Debug|Any CPU
		{a6f7901d-88d5-bf54-b79c-a05596caedf3}.Debug|Any CPU.ActiveCfg = Debug|Any CPU
		{a6f7901d-88d5-bf54-b79c-a05596caedf3}.Debug|Any CPU.Build.0 = Debug|Any CPU
		{588ed585-87f8-ac15-fc80-54e6947d085d}.Debug|Any CPU.ActiveCfg = Debug|Any CPU
		{588ed585-87f8-ac15-fc80-54e6947d085d}.Debug|Any CPU.Build.0 = Debug|Any CPU
		{ded54bdb-f2b5-9ee7-f393-fb1bb6853e9d}.Debug|Any CPU.ActiveCfg = Debug|Any CPU
		{ded54bdb-f2b5-9ee7-f393-fb1bb6853e9d}.Debug|Any CPU.Build.0 = Debug|Any CPU
		{f41b73ff-fa48-69e3-f5e5-7ea460cb28b0}.Debug|Any CPU.ActiveCfg = Debug|Any CPU
		{f41b73ff-fa48-69e3-f5e5-7ea460cb28b0}.Debug|Any CPU.Build.0 = Debug|Any CPU
		{9f1e8c02-09f7-aa93-30f9-f262cb16d873}.Debug|Any CPU.ActiveCfg = Debug|Any CPU
		{9f1e8c02-09f7-aa93-30f9-f262cb16d873}.Debug|Any CPU.Build.0 = Debug|Any CPU
		{bcf6ab24-e180-5f65-c455-7bdf610e2131}.Debug|Any CPU.ActiveCfg = Debug|Any CPU
		{bcf6ab24-e180-5f65-c455-7bdf610e2131}.Debug|Any CPU.Build.0 = Debug|Any CPU
		{49e20492-bf1d-08de-8878-eef2a9aef432}.Debug|Any CPU.ActiveCfg = Debug|Any CPU
		{49e20492-bf1d-08de-8878-eef2a9aef432}.Debug|Any CPU.Build.0 = Debug|Any CPU
		{9f0dc086-7e25-075d-b240-69b18562c764}.Debug|Any CPU.ActiveCfg = Debug|Any CPU
		{9f0dc086-7e25-075d-b240-69b18562c764}.Debug|Any CPU.Build.0 = Debug|Any CPU
		{e05ed029-80bd-4af7-2997-ceb3ff765fb5}.Debug|Any CPU.ActiveCfg = Debug|Any CPU
		{e05ed029-80bd-4af7-2997-ceb3ff765fb5}.Debug|Any CPU.Build.0 = Debug|Any CPU
		{ec65dc74-fd82-38c4-d251-02850e605c7c}.Debug|Any CPU.ActiveCfg = Debug|Any CPU
		{ec65dc74-fd82-38c4-d251-02850e605c7c}.Debug|Any CPU.Build.0 = Debug|Any CPU
		{80df0150-855b-12bc-230c-a392b571bca1}.Debug|Any CPU.ActiveCfg = Debug|Any CPU
		{80df0150-855b-12bc-230c-a392b571bca1}.Debug|Any CPU.Build.0 = Debug|Any CPU
		{68a71ae8-f89a-fc4b-2345-5a99a1899804}.Debug|Any CPU.ActiveCfg = Debug|Any CPU
		{68a71ae8-f89a-fc4b-2345-5a99a1899804}.Debug|Any CPU.Build.0 = Debug|Any CPU
		{4643a0f8-32f8-a16a-b66d-fb6271aacada}.Debug|Any CPU.ActiveCfg = Debug|Any CPU
		{4643a0f8-32f8-a16a-b66d-fb6271aacada}.Debug|Any CPU.Build.0 = Debug|Any CPU
		{0d18cb95-f0a4-3782-6563-2c409bf2fe67}.Debug|Any CPU.ActiveCfg = Debug|Any CPU
		{0d18cb95-f0a4-3782-6563-2c409bf2fe67}.Debug|Any CPU.Build.0 = Debug|Any CPU
		{cbcb7c5c-81e2-7be9-a972-9baf9aad1a25}.Debug|Any CPU.ActiveCfg = Debug|Any CPU
		{cbcb7c5c-81e2-7be9-a972-9baf9aad1a25}.Debug|Any CPU.Build.0 = Debug|Any CPU
		{546a8cf4-f2de-609c-b5c2-b29e11e9cce5}.Debug|Any CPU.ActiveCfg = Debug|Any CPU
		{546a8cf4-f2de-609c-b5c2-b29e11e9cce5}.Debug|Any CPU.Build.0 = Debug|Any CPU
		{d2db9a06-c24d-684a-9a5c-98493efb031f}.Debug|Any CPU.ActiveCfg = Debug|Any CPU
		{d2db9a06-c24d-684a-9a5c-98493efb031f}.Debug|Any CPU.Build.0 = Debug|Any CPU
		{5f27fe41-b073-332a-3367-a66a5a4c429a}.Debug|Any CPU.ActiveCfg = Debug|Any CPU
		{5f27fe41-b073-332a-3367-a66a5a4c429a}.Debug|Any CPU.Build.0 = Debug|Any CPU
		{d1fed587-ca8c-d77b-a0e3-be11b1e84e43}.Debug|Any CPU.ActiveCfg = Debug|Any CPU
		{d1fed587-ca8c-d77b-a0e3-be11b1e84e43}.Debug|Any CPU.Build.0 = Debug|Any CPU
		{bd1493aa-6cbe-8682-97cb-2c8e64a8a645}.Debug|Any CPU.ActiveCfg = Debug|Any CPU
		{bd1493aa-6cbe-8682-97cb-2c8e64a8a645}.Debug|Any CPU.Build.0 = Debug|Any CPU
		{902635ad-586d-c510-cd1c-877a707ca887}.Debug|Any CPU.ActiveCfg = Debug|Any CPU
		{902635ad-586d-c510-cd1c-877a707ca887}.Debug|Any CPU.Build.0 = Debug|Any CPU
		{04796f99-fa23-eeb4-79cf-2af7ab0fecb6}.Debug|Any CPU.ActiveCfg = Debug|Any CPU
		{04796f99-fa23-eeb4-79cf-2af7ab0fecb6}.Debug|Any CPU.Build.0 = Debug|Any CPU
		{8385a452-51a4-8232-17af-fb381663a0ac}.Debug|Any CPU.ActiveCfg = Debug|Any CPU
		{8385a452-51a4-8232-17af-fb381663a0ac}.Debug|Any CPU.Build.0 = Debug|Any CPU
		{c2b6f92b-8397-f9ea-407e-51d3681eb748}.Debug|Any CPU.ActiveCfg = Debug|Any CPU
		{c2b6f92b-8397-f9ea-407e-51d3681eb748}.Debug|Any CPU.Build.0 = Debug|Any CPU
		{37b44097-2469-dba6-0b3c-b4be13e1d8b9}.Debug|Any CPU.ActiveCfg = Debug|Any CPU
		{37b44097-2469-dba6-0b3c-b4be13e1d8b9}.Debug|Any CPU.Build.0 = Debug|Any CPU
		{0de48e21-8856-e776-dfcc-274d4f0e0dd7}.Debug|Any CPU.ActiveCfg = Debug|Any CPU
		{0de48e21-8856-e776-dfcc-274d4f0e0dd7}.Debug|Any CPU.Build.0 = Debug|Any CPU
		{61db0dd1-505d-f996-a131-7c9f50c2005e}.Debug|Any CPU.ActiveCfg = Debug|Any CPU
		{61db0dd1-505d-f996-a131-7c9f50c2005e}.Debug|Any CPU.Build.0 = Debug|Any CPU
		{a56e9840-475b-0b28-869d-682e9ee57933}.Debug|Any CPU.ActiveCfg = Debug|Any CPU
		{a56e9840-475b-0b28-869d-682e9ee57933}.Debug|Any CPU.Build.0 = Debug|Any CPU
	EndGlobalSection
	GlobalSection(SolutionProperties) = preSolution
		HideSolutionNode = FALSE
	EndGlobalSection
EndGlobal
